
Microsoft Visual Studio Solution File, Format Version 12.00
# Visual Studio Version 16
VisualStudioVersion = 16.0.29424.173
MinimumVisualStudioVersion = 10.0.40219.1
Project("{FAE04EC0-301F-11D3-BF4B-00C04F79EFBC}") = "speedRacing", "speedRacing\speedRacing.csproj", "{A14A7B2A-31D5-4A1D-B614-D695B01AA709}"
EndProject
Global
	GlobalSection(SolutionConfigurationPlatforms) = preSolution
		Debug|Any CPU = Debug|Any CPU
		Release|Any CPU = Release|Any CPU
	EndGlobalSection
	GlobalSection(ProjectConfigurationPlatforms) = postSolution
		{A14A7B2A-31D5-4A1D-B614-D695B01AA709}.Debug|Any CPU.ActiveCfg = Debug|Any CPU
		{A14A7B2A-31D5-4A1D-B614-D695B01AA709}.Debug|Any CPU.Build.0 = Debug|Any CPU
		{A14A7B2A-31D5-4A1D-B614-D695B01AA709}.Release|Any CPU.ActiveCfg = Release|Any CPU
		{A14A7B2A-31D5-4A1D-B614-D695B01AA709}.Release|Any CPU.Build.0 = Release|Any CPU
	EndGlobalSection
	GlobalSection(SolutionProperties) = preSolution
		HideSolutionNode = FALSE
	EndGlobalSection
	GlobalSection(ExtensibilityGlobals) = postSolution
		SolutionGuid = {ED12C9B9-F298-4FD4-A395-0D45A348EFA4}
	EndGlobalSection
EndGlobal
