
Microsoft Visual Studio Solution File, Format Version 12.00
# Visual Studio Version 16
VisualStudioVersion = 16.0.29424.173
MinimumVisualStudioVersion = 10.0.40219.1
Project("{FAE04EC0-301F-11D3-BF4B-00C04F79EFBC}") = "LinkedList", "LinkedList\LinkedList.csproj", "{5BBF8CAC-2BC9-44F1-93ED-3161B3F11034}"
EndProject
Global
	GlobalSection(SolutionConfigurationPlatforms) = preSolution
		Debug|Any CPU = Debug|Any CPU
		Release|Any CPU = Release|Any CPU
	EndGlobalSection
	GlobalSection(ProjectConfigurationPlatforms) = postSolution
		{5BBF8CAC-2BC9-44F1-93ED-3161B3F11034}.Debug|Any CPU.ActiveCfg = Debug|Any CPU
		{5BBF8CAC-2BC9-44F1-93ED-3161B3F11034}.Debug|Any CPU.Build.0 = Debug|Any CPU
		{5BBF8CAC-2BC9-44F1-93ED-3161B3F11034}.Release|Any CPU.ActiveCfg = Release|Any CPU
		{5BBF8CAC-2BC9-44F1-93ED-3161B3F11034}.Release|Any CPU.Build.0 = Release|Any CPU
	EndGlobalSection
	GlobalSection(SolutionProperties) = preSolution
		HideSolutionNode = FALSE
	EndGlobalSection
	GlobalSection(ExtensibilityGlobals) = postSolution
		SolutionGuid = {AFC717C6-3A75-4F39-96E7-E5BC400935D2}
	EndGlobalSection
EndGlobal
