
Microsoft Visual Studio Solution File, Format Version 12.00
# Visual Studio Version 16
VisualStudioVersion = 16.0.29424.173
MinimumVisualStudioVersion = 10.0.40219.1
Project("{FAE04EC0-301F-11D3-BF4B-00C04F79EFBC}") = "BoxOfT", "BoxOfT\BoxOfT.csproj", "{8259F346-DECA-42FB-84E5-B6BCE7B717A8}"
EndProject
Global
	GlobalSection(SolutionConfigurationPlatforms) = preSolution
		Debug|Any CPU = Debug|Any CPU
		Release|Any CPU = Release|Any CPU
	EndGlobalSection
	GlobalSection(ProjectConfigurationPlatforms) = postSolution
		{8259F346-DECA-42FB-84E5-B6BCE7B717A8}.Debug|Any CPU.ActiveCfg = Debug|Any CPU
		{8259F346-DECA-42FB-84E5-B6BCE7B717A8}.Debug|Any CPU.Build.0 = Debug|Any CPU
		{8259F346-DECA-42FB-84E5-B6BCE7B717A8}.Release|Any CPU.ActiveCfg = Release|Any CPU
		{8259F346-DECA-42FB-84E5-B6BCE7B717A8}.Release|Any CPU.Build.0 = Release|Any CPU
	EndGlobalSection
	GlobalSection(SolutionProperties) = preSolution
		HideSolutionNode = FALSE
	EndGlobalSection
	GlobalSection(ExtensibilityGlobals) = postSolution
		SolutionGuid = {B7520968-2C26-4BD3-8F78-C7BF2A73B7EE}
	EndGlobalSection
EndGlobal
