
Microsoft Visual Studio Solution File, Format Version 12.00
# Visual Studio Version 16
VisualStudioVersion = 16.0.29424.173
MinimumVisualStudioVersion = 10.0.40219.1
Project("{FAE04EC0-301F-11D3-BF4B-00C04F79EFBC}") = "GenericSwapMethod", "GenericSwapMethod\GenericSwapMethod.csproj", "{156FA0DF-CADB-453D-8792-A1CFA0F0891A}"
EndProject
Global
	GlobalSection(SolutionConfigurationPlatforms) = preSolution
		Debug|Any CPU = Debug|Any CPU
		Release|Any CPU = Release|Any CPU
	EndGlobalSection
	GlobalSection(ProjectConfigurationPlatforms) = postSolution
		{156FA0DF-CADB-453D-8792-A1CFA0F0891A}.Debug|Any CPU.ActiveCfg = Debug|Any CPU
		{156FA0DF-CADB-453D-8792-A1CFA0F0891A}.Debug|Any CPU.Build.0 = Debug|Any CPU
		{156FA0DF-CADB-453D-8792-A1CFA0F0891A}.Release|Any CPU.ActiveCfg = Release|Any CPU
		{156FA0DF-CADB-453D-8792-A1CFA0F0891A}.Release|Any CPU.Build.0 = Release|Any CPU
	EndGlobalSection
	GlobalSection(SolutionProperties) = preSolution
		HideSolutionNode = FALSE
	EndGlobalSection
	GlobalSection(ExtensibilityGlobals) = postSolution
		SolutionGuid = {0C2031A4-C42F-4422-8C0D-78A1FA950F47}
	EndGlobalSection
EndGlobal
