
Microsoft Visual Studio Solution File, Format Version 12.00
# Visual Studio Version 16
VisualStudioVersion = 16.0.29424.173
MinimumVisualStudioVersion = 10.0.40219.1
Project("{FAE04EC0-301F-11D3-BF4B-00C04F79EFBC}") = "VehiclesExtension", "VehiclesExtension\VehiclesExtension.csproj", "{9909D544-0D33-414D-B303-DB900A0A6EA7}"
EndProject
Global
	GlobalSection(SolutionConfigurationPlatforms) = preSolution
		Debug|Any CPU = Debug|Any CPU
		Release|Any CPU = Release|Any CPU
	EndGlobalSection
	GlobalSection(ProjectConfigurationPlatforms) = postSolution
		{9909D544-0D33-414D-B303-DB900A0A6EA7}.Debug|Any CPU.ActiveCfg = Debug|Any CPU
		{9909D544-0D33-414D-B303-DB900A0A6EA7}.Debug|Any CPU.Build.0 = Debug|Any CPU
		{9909D544-0D33-414D-B303-DB900A0A6EA7}.Release|Any CPU.ActiveCfg = Release|Any CPU
		{9909D544-0D33-414D-B303-DB900A0A6EA7}.Release|Any CPU.Build.0 = Release|Any CPU
	EndGlobalSection
	GlobalSection(SolutionProperties) = preSolution
		HideSolutionNode = FALSE
	EndGlobalSection
	GlobalSection(ExtensibilityGlobals) = postSolution
		SolutionGuid = {8ABCA795-A6A3-46BC-B8B1-35A78BEC5BC2}
	EndGlobalSection
EndGlobal
