
Microsoft Visual Studio Solution File, Format Version 12.00
# Visual Studio Version 16
VisualStudioVersion = 16.0.29424.173
MinimumVisualStudioVersion = 10.0.40219.1
Project("{FAE04EC0-301F-11D3-BF4B-00C04F79EFBC}") = "Froggy", "Froggy\Froggy.csproj", "{1D78404A-3626-470F-B113-7F1E21980EAD}"
EndProject
Global
	GlobalSection(SolutionConfigurationPlatforms) = preSolution
		Debug|Any CPU = Debug|Any CPU
		Release|Any CPU = Release|Any CPU
	EndGlobalSection
	GlobalSection(ProjectConfigurationPlatforms) = postSolution
		{1D78404A-3626-470F-B113-7F1E21980EAD}.Debug|Any CPU.ActiveCfg = Debug|Any CPU
		{1D78404A-3626-470F-B113-7F1E21980EAD}.Debug|Any CPU.Build.0 = Debug|Any CPU
		{1D78404A-3626-470F-B113-7F1E21980EAD}.Release|Any CPU.ActiveCfg = Release|Any CPU
		{1D78404A-3626-470F-B113-7F1E21980EAD}.Release|Any CPU.Build.0 = Release|Any CPU
	EndGlobalSection
	GlobalSection(SolutionProperties) = preSolution
		HideSolutionNode = FALSE
	EndGlobalSection
	GlobalSection(ExtensibilityGlobals) = postSolution
		SolutionGuid = {481921E3-77D6-4F8A-B41F-F21229890BCE}
	EndGlobalSection
EndGlobal
